
Microsoft Visual Studio Solution File, Format Version 11.00
# Visual Studio 2010
Project("{FAE04EC0-301F-11D3-BF4B-00C04F79EFBC}") = "UnityEngine.TestRunner", "UnityEngine.TestRunner.csproj", "{33ce9785-e23a-138d-24fe-e8e4c90b5414}"
EndProject
Project("{FAE04EC0-301F-11D3-BF4B-00C04F79EFBC}") = "UnityEngine.UI", "UnityEngine.UI.csproj", "{e5575b6c-747d-420f-efcc-cf17842f8dd1}"
EndProject
Project("{FAE04EC0-301F-11D3-BF4B-00C04F79EFBC}") = "Unity.VisualScripting.Flow", "Unity.VisualScripting.Flow.csproj", "{d05756a2-1e7c-6cc2-531d-18f03a1a1bb2}"
EndProject
Project("{FAE04EC0-301F-11D3-BF4B-00C04F79EFBC}") = "Unity.Services.Core.Telemetry", "Unity.Services.Core.Telemetry.csproj", "{c464d167-0a33-56ab-d127-21265cfff425}"
EndProject
Project("{FAE04EC0-301F-11D3-BF4B-00C04F79EFBC}") = "Unity.VisualScripting.State", "Unity.VisualScripting.State.csproj", "{d1d9794e-1495-9c9a-d562-328f88130034}"
EndProject
Project("{FAE04EC0-301F-11D3-BF4B-00C04F79EFBC}") = "Unity.VisualScripting.Core", "Unity.VisualScripting.Core.csproj", "{297a0f38-7d6b-e3ac-b0c3-d746d86b82ca}"
EndProject
Project("{FAE04EC0-301F-11D3-BF4B-00C04F79EFBC}") = "Unity.Services.Core.Environments.Internal", "Unity.Services.Core.Environments.Internal.csproj", "{f725b3a6-af8d-2696-ece2-8549522ec986}"
EndProject
Project("{FAE04EC0-301F-11D3-BF4B-00C04F79EFBC}") = "Unity.TextMeshPro", "Unity.TextMeshPro.csproj", "{abffb618-fc41-55e8-3a82-b9150941102e}"
EndProject
Project("{FAE04EC0-301F-11D3-BF4B-00C04F79EFBC}") = "Unity.Timeline", "Unity.Timeline.csproj", "{034343d5-ffc9-acd8-1ef9-acf7ff17fc40}"
EndProject
Project("{FAE04EC0-301F-11D3-BF4B-00C04F79EFBC}") = "Unity.Services.Core", "Unity.Services.Core.csproj", "{865afccf-d37a-a9c1-c03f-f1884ac010f1}"
EndProject
Project("{FAE04EC0-301F-11D3-BF4B-00C04F79EFBC}") = "Unity.Services.Core.Environments", "Unity.Services.Core.Environments.csproj", "{752a7fb1-c079-6f2b-f895-9549f33bd37a}"
EndProject
Project("{FAE04EC0-301F-11D3-BF4B-00C04F79EFBC}") = "Unity.Services.Core.Internal", "Unity.Services.Core.Internal.csproj", "{af8d34e8-7ea5-adda-3764-bd56da5e545a}"
EndProject
Project("{FAE04EC0-301F-11D3-BF4B-00C04F79EFBC}") = "Unity.Services.Core.Analytics", "Unity.Services.Core.Analytics.csproj", "{78dc4a73-f5be-f59b-2ccd-b445a08bf378}"
EndProject
Project("{FAE04EC0-301F-11D3-BF4B-00C04F79EFBC}") = "Unity.Services.Core.Scheduler", "Unity.Services.Core.Scheduler.csproj", "{a8ca1f6c-a844-e6c6-5dac-09db296b7041}"
EndProject
Project("{FAE04EC0-301F-11D3-BF4B-00C04F79EFBC}") = "Unity.Services.Core.Registration", "Unity.Services.Core.Registration.csproj", "{d98c602f-a566-981d-03e9-c088e55b1ccc}"
EndProject
Project("{FAE04EC0-301F-11D3-BF4B-00C04F79EFBC}") = "Unity.Services.Core.Device", "Unity.Services.Core.Device.csproj", "{ef488a4e-7277-a98c-798d-85dd694bcb58}"
EndProject
Project("{FAE04EC0-301F-11D3-BF4B-00C04F79EFBC}") = "Unity.Services.Core.Threading", "Unity.Services.Core.Threading.csproj", "{fb88a743-08e5-15e8-fbc2-dff34b4443ff}"
EndProject
Project("{FAE04EC0-301F-11D3-BF4B-00C04F79EFBC}") = "Unity.Services.Core.Networking", "Unity.Services.Core.Networking.csproj", "{cd32c106-7ade-7456-1462-c8ce11775881}"
EndProject
Project("{FAE04EC0-301F-11D3-BF4B-00C04F79EFBC}") = "Unity.Services.Core.Configuration", "Unity.Services.Core.Configuration.csproj", "{7b3be1fd-a6e9-936d-5fee-1ac35267d6b4}"
EndProject
Project("{FAE04EC0-301F-11D3-BF4B-00C04F79EFBC}") = "Unity.PlasticSCM.Editor", "Unity.PlasticSCM.Editor.csproj", "{9baccffd-db9d-f996-46bf-f46d3aef464d}"
EndProject
Project("{FAE04EC0-301F-11D3-BF4B-00C04F79EFBC}") = "Unity.VisualScripting.Core.Editor", "Unity.VisualScripting.Core.Editor.csproj", "{bb15f01f-dd30-4e64-045e-f4af1ffbeee7}"
EndProject
Project("{FAE04EC0-301F-11D3-BF4B-00C04F79EFBC}") = "Unity.VisualScripting.Flow.Editor", "Unity.VisualScripting.Flow.Editor.csproj", "{b5b0198d-d151-f141-22cc-9e058314a1b9}"
EndProject
Project("{FAE04EC0-301F-11D3-BF4B-00C04F79EFBC}") = "Unity.VisualStudio.Editor", "Unity.VisualStudio.Editor.csproj", "{2f92f78f-6b34-700e-8fab-a2c4eec4d511}"
EndProject
Project("{FAE04EC0-301F-11D3-BF4B-00C04F79EFBC}") = "Unity.Timeline.Editor", "Unity.Timeline.Editor.csproj", "{4a80262a-d5e6-d5b3-58b6-3d6036033afb}"
EndProject
Project("{FAE04EC0-301F-11D3-BF4B-00C04F79EFBC}") = "Unity.VisualScripting.State.Editor", "Unity.VisualScripting.State.Editor.csproj", "{9b4de4c0-f579-75fe-cd59-ff78189c92b4}"
EndProject
Project("{FAE04EC0-301F-11D3-BF4B-00C04F79EFBC}") = "Unity.TextMeshPro.Editor", "Unity.TextMeshPro.Editor.csproj", "{2314f9c3-647b-a5c2-0e55-a34b4244b6a2}"
EndProject
Project("{FAE04EC0-301F-11D3-BF4B-00C04F79EFBC}") = "Unity.VisualScripting.SettingsProvider.Editor", "Unity.VisualScripting.SettingsProvider.Editor.csproj", "{248daabf-ccd4-bded-26d1-fcea1ee5d483}"
EndProject
Project("{FAE04EC0-301F-11D3-BF4B-00C04F79EFBC}") = "Unity.CollabProxy.Editor", "Unity.CollabProxy.Editor.csproj", "{cc016928-2a27-892a-e438-0475776a2f26}"
EndProject
Project("{FAE04EC0-301F-11D3-BF4B-00C04F79EFBC}") = "UnityEditor.TestRunner", "UnityEditor.TestRunner.csproj", "{3e4b77e6-7178-5bf4-e5f4-d46cadcedc0f}"
EndProject
Project("{FAE04EC0-301F-11D3-BF4B-00C04F79EFBC}") = "Unity.Services.Core.Editor", "Unity.Services.Core.Editor.csproj", "{2c0f3b14-7f99-3441-a2ba-f036819d8cb2}"
EndProject
Project("{FAE04EC0-301F-11D3-BF4B-00C04F79EFBC}") = "Unity.TestTools.CodeCoverage.Editor", "Unity.TestTools.CodeCoverage.Editor.csproj", "{53779dab-990c-f81a-414b-7ba310b04f5e}"
EndProject
Project("{FAE04EC0-301F-11D3-BF4B-00C04F79EFBC}") = "Unity.Rider.Editor", "Unity.Rider.Editor.csproj", "{38c9797c-670b-5eef-119c-9b96e68aa8ef}"
EndProject
Project("{FAE04EC0-301F-11D3-BF4B-00C04F79EFBC}") = "Unity.Performance.Profile-Analyzer.Editor", "Unity.Performance.Profile-Analyzer.Editor.csproj", "{0e76c2cb-8dbf-af61-e73b-2063b312cbcd}"
EndProject
Project("{FAE04EC0-301F-11D3-BF4B-00C04F79EFBC}") = "Unity.VSCode.Editor", "Unity.VSCode.Editor.csproj", "{2fad2a1c-179c-a122-6b0a-2fb6a5329d89}"
EndProject
Project("{FAE04EC0-301F-11D3-BF4B-00C04F79EFBC}") = "UnityEditor.UI", "UnityEditor.UI.csproj", "{24ddff74-5066-9b7f-7bb6-a9655701b565}"
EndProject
Project("{FAE04EC0-301F-11D3-BF4B-00C04F79EFBC}") = "Unity.TestTools.CodeCoverage.Editor.OpenCover.Model", "Unity.TestTools.CodeCoverage.Editor.OpenCover.Model.csproj", "{2c340a88-7b9b-8883-1247-0c98b0208f40}"
EndProject
Project("{FAE04EC0-301F-11D3-BF4B-00C04F79EFBC}") = "Unity.EditorCoroutines.Editor", "Unity.EditorCoroutines.Editor.csproj", "{400a98ab-3604-5bc1-d814-b3b2378ca78f}"
EndProject
Project("{FAE04EC0-301F-11D3-BF4B-00C04F79EFBC}") = "Unity.Settings.Editor", "Unity.Settings.Editor.csproj", "{71561d5e-9f44-8a11-60e4-b242ae8f89cf}"
EndProject
Project("{FAE04EC0-301F-11D3-BF4B-00C04F79EFBC}") = "Unity.Services.Core.Configuration.Editor", "Unity.Services.Core.Configuration.Editor.csproj", "{3e1e778d-d28e-d674-6d5a-5a84bcc674f3}"
EndProject
Project("{FAE04EC0-301F-11D3-BF4B-00C04F79EFBC}") = "Unity.TestTools.CodeCoverage.Editor.OpenCover.Mono.Reflection", "Unity.TestTools.CodeCoverage.Editor.OpenCover.Mono.Reflection.csproj", "{bf1fc24e-7b28-a2db-432b-aa5738820ac3}"
EndProject
Project("{FAE04EC0-301F-11D3-BF4B-00C04F79EFBC}") = "Unity.VisualScripting.Shared.Editor", "Unity.VisualScripting.Shared.Editor.csproj", "{44490c19-7a80-4bdf-b1ef-4981e419776a}"
EndProject
Global
	GlobalSection(SolutionConfigurationPlatforms) = preSolution
		Debug|Any CPU = Debug|Any CPU
	EndGlobalSection
	GlobalSection(ProjectConfigurationPlatforms) = postSolution
		{33ce9785-e23a-138d-24fe-e8e4c90b5414}.Debug|Any CPU.ActiveCfg = Debug|Any CPU
		{33ce9785-e23a-138d-24fe-e8e4c90b5414}.Debug|Any CPU.Build.0 = Debug|Any CPU
		{e5575b6c-747d-420f-efcc-cf17842f8dd1}.Debug|Any CPU.ActiveCfg = Debug|Any CPU
		{e5575b6c-747d-420f-efcc-cf17842f8dd1}.Debug|Any CPU.Build.0 = Debug|Any CPU
		{d05756a2-1e7c-6cc2-531d-18f03a1a1bb2}.Debug|Any CPU.ActiveCfg = Debug|Any CPU
		{d05756a2-1e7c-6cc2-531d-18f03a1a1bb2}.Debug|Any CPU.Build.0 = Debug|Any CPU
		{c464d167-0a33-56ab-d127-21265cfff425}.Debug|Any CPU.ActiveCfg = Debug|Any CPU
		{c464d167-0a33-56ab-d127-21265cfff425}.Debug|Any CPU.Build.0 = Debug|Any CPU
		{d1d9794e-1495-9c9a-d562-328f88130034}.Debug|Any CPU.ActiveCfg = Debug|Any CPU
		{d1d9794e-1495-9c9a-d562-328f88130034}.Debug|Any CPU.Build.0 = Debug|Any CPU
		{297a0f38-7d6b-e3ac-b0c3-d746d86b82ca}.Debug|Any CPU.ActiveCfg = Debug|Any CPU
		{297a0f38-7d6b-e3ac-b0c3-d746d86b82ca}.Debug|Any CPU.Build.0 = Debug|Any CPU
		{f725b3a6-af8d-2696-ece2-8549522ec986}.Debug|Any CPU.ActiveCfg = Debug|Any CPU
		{f725b3a6-af8d-2696-ece2-8549522ec986}.Debug|Any CPU.Build.0 = Debug|Any CPU
		{abffb618-fc41-55e8-3a82-b9150941102e}.Debug|Any CPU.ActiveCfg = Debug|Any CPU
		{abffb618-fc41-55e8-3a82-b9150941102e}.Debug|Any CPU.Build.0 = Debug|Any CPU
		{034343d5-ffc9-acd8-1ef9-acf7ff17fc40}.Debug|Any CPU.ActiveCfg = Debug|Any CPU
		{034343d5-ffc9-acd8-1ef9-acf7ff17fc40}.Debug|Any CPU.Build.0 = Debug|Any CPU
		{865afccf-d37a-a9c1-c03f-f1884ac010f1}.Debug|Any CPU.ActiveCfg = Debug|Any CPU
		{865afccf-d37a-a9c1-c03f-f1884ac010f1}.Debug|Any CPU.Build.0 = Debug|Any CPU
		{752a7fb1-c079-6f2b-f895-9549f33bd37a}.Debug|Any CPU.ActiveCfg = Debug|Any CPU
		{752a7fb1-c079-6f2b-f895-9549f33bd37a}.Debug|Any CPU.Build.0 = Debug|Any CPU
		{af8d34e8-7ea5-adda-3764-bd56da5e545a}.Debug|Any CPU.ActiveCfg = Debug|Any CPU
		{af8d34e8-7ea5-adda-3764-bd56da5e545a}.Debug|Any CPU.Build.0 = Debug|Any CPU
		{78dc4a73-f5be-f59b-2ccd-b445a08bf378}.Debug|Any CPU.ActiveCfg = Debug|Any CPU
		{78dc4a73-f5be-f59b-2ccd-b445a08bf378}.Debug|Any CPU.Build.0 = Debug|Any CPU
		{a8ca1f6c-a844-e6c6-5dac-09db296b7041}.Debug|Any CPU.ActiveCfg = Debug|Any CPU
		{a8ca1f6c-a844-e6c6-5dac-09db296b7041}.Debug|Any CPU.Build.0 = Debug|Any CPU
		{d98c602f-a566-981d-03e9-c088e55b1ccc}.Debug|Any CPU.ActiveCfg = Debug|Any CPU
		{d98c602f-a566-981d-03e9-c088e55b1ccc}.Debug|Any CPU.Build.0 = Debug|Any CPU
		{ef488a4e-7277-a98c-798d-85dd694bcb58}.Debug|Any CPU.ActiveCfg = Debug|Any CPU
		{ef488a4e-7277-a98c-798d-85dd694bcb58}.Debug|Any CPU.Build.0 = Debug|Any CPU
		{fb88a743-08e5-15e8-fbc2-dff34b4443ff}.Debug|Any CPU.ActiveCfg = Debug|Any CPU
		{fb88a743-08e5-15e8-fbc2-dff34b4443ff}.Debug|Any CPU.Build.0 = Debug|Any CPU
		{cd32c106-7ade-7456-1462-c8ce11775881}.Debug|Any CPU.ActiveCfg = Debug|Any CPU
		{cd32c106-7ade-7456-1462-c8ce11775881}.Debug|Any CPU.Build.0 = Debug|Any CPU
		{7b3be1fd-a6e9-936d-5fee-1ac35267d6b4}.Debug|Any CPU.ActiveCfg = Debug|Any CPU
		{7b3be1fd-a6e9-936d-5fee-1ac35267d6b4}.Debug|Any CPU.Build.0 = Debug|Any CPU
		{9baccffd-db9d-f996-46bf-f46d3aef464d}.Debug|Any CPU.ActiveCfg = Debug|Any CPU
		{9baccffd-db9d-f996-46bf-f46d3aef464d}.Debug|Any CPU.Build.0 = Debug|Any CPU
		{bb15f01f-dd30-4e64-045e-f4af1ffbeee7}.Debug|Any CPU.ActiveCfg = Debug|Any CPU
		{bb15f01f-dd30-4e64-045e-f4af1ffbeee7}.Debug|Any CPU.Build.0 = Debug|Any CPU
		{b5b0198d-d151-f141-22cc-9e058314a1b9}.Debug|Any CPU.ActiveCfg = Debug|Any CPU
		{b5b0198d-d151-f141-22cc-9e058314a1b9}.Debug|Any CPU.Build.0 = Debug|Any CPU
		{2f92f78f-6b34-700e-8fab-a2c4eec4d511}.Debug|Any CPU.ActiveCfg = Debug|Any CPU
		{2f92f78f-6b34-700e-8fab-a2c4eec4d511}.Debug|Any CPU.Build.0 = Debug|Any CPU
		{4a80262a-d5e6-d5b3-58b6-3d6036033afb}.Debug|Any CPU.ActiveCfg = Debug|Any CPU
		{4a80262a-d5e6-d5b3-58b6-3d6036033afb}.Debug|Any CPU.Build.0 = Debug|Any CPU
		{9b4de4c0-f579-75fe-cd59-ff78189c92b4}.Debug|Any CPU.ActiveCfg = Debug|Any CPU
		{9b4de4c0-f579-75fe-cd59-ff78189c92b4}.Debug|Any CPU.Build.0 = Debug|Any CPU
		{2314f9c3-647b-a5c2-0e55-a34b4244b6a2}.Debug|Any CPU.ActiveCfg = Debug|Any CPU
		{2314f9c3-647b-a5c2-0e55-a34b4244b6a2}.Debug|Any CPU.Build.0 = Debug|Any CPU
		{248daabf-ccd4-bded-26d1-fcea1ee5d483}.Debug|Any CPU.ActiveCfg = Debug|Any CPU
		{248daabf-ccd4-bded-26d1-fcea1ee5d483}.Debug|Any CPU.Build.0 = Debug|Any CPU
		{cc016928-2a27-892a-e438-0475776a2f26}.Debug|Any CPU.ActiveCfg = Debug|Any CPU
		{cc016928-2a27-892a-e438-0475776a2f26}.Debug|Any CPU.Build.0 = Debug|Any CPU
		{3e4b77e6-7178-5bf4-e5f4-d46cadcedc0f}.Debug|Any CPU.ActiveCfg = Debug|Any CPU
		{3e4b77e6-7178-5bf4-e5f4-d46cadcedc0f}.Debug|Any CPU.Build.0 = Debug|Any CPU
		{2c0f3b14-7f99-3441-a2ba-f036819d8cb2}.Debug|Any CPU.ActiveCfg = Debug|Any CPU
		{2c0f3b14-7f99-3441-a2ba-f036819d8cb2}.Debug|Any CPU.Build.0 = Debug|Any CPU
		{53779dab-990c-f81a-414b-7ba310b04f5e}.Debug|Any CPU.ActiveCfg = Debug|Any CPU
		{53779dab-990c-f81a-414b-7ba310b04f5e}.Debug|Any CPU.Build.0 = Debug|Any CPU
		{38c9797c-670b-5eef-119c-9b96e68aa8ef}.Debug|Any CPU.ActiveCfg = Debug|Any CPU
		{38c9797c-670b-5eef-119c-9b96e68aa8ef}.Debug|Any CPU.Build.0 = Debug|Any CPU
		{0e76c2cb-8dbf-af61-e73b-2063b312cbcd}.Debug|Any CPU.ActiveCfg = Debug|Any CPU
		{0e76c2cb-8dbf-af61-e73b-2063b312cbcd}.Debug|Any CPU.Build.0 = Debug|Any CPU
		{2fad2a1c-179c-a122-6b0a-2fb6a5329d89}.Debug|Any CPU.ActiveCfg = Debug|Any CPU
		{2fad2a1c-179c-a122-6b0a-2fb6a5329d89}.Debug|Any CPU.Build.0 = Debug|Any CPU
		{24ddff74-5066-9b7f-7bb6-a9655701b565}.Debug|Any CPU.ActiveCfg = Debug|Any CPU
		{24ddff74-5066-9b7f-7bb6-a9655701b565}.Debug|Any CPU.Build.0 = Debug|Any CPU
		{2c340a88-7b9b-8883-1247-0c98b0208f40}.Debug|Any CPU.ActiveCfg = Debug|Any CPU
		{2c340a88-7b9b-8883-1247-0c98b0208f40}.Debug|Any CPU.Build.0 = Debug|Any CPU
		{400a98ab-3604-5bc1-d814-b3b2378ca78f}.Debug|Any CPU.ActiveCfg = Debug|Any CPU
		{400a98ab-3604-5bc1-d814-b3b2378ca78f}.Debug|Any CPU.Build.0 = Debug|Any CPU
		{71561d5e-9f44-8a11-60e4-b242ae8f89cf}.Debug|Any CPU.ActiveCfg = Debug|Any CPU
		{71561d5e-9f44-8a11-60e4-b242ae8f89cf}.Debug|Any CPU.Build.0 = Debug|Any CPU
		{3e1e778d-d28e-d674-6d5a-5a84bcc674f3}.Debug|Any CPU.ActiveCfg = Debug|Any CPU
		{3e1e778d-d28e-d674-6d5a-5a84bcc674f3}.Debug|Any CPU.Build.0 = Debug|Any CPU
		{bf1fc24e-7b28-a2db-432b-aa5738820ac3}.Debug|Any CPU.ActiveCfg = Debug|Any CPU
		{bf1fc24e-7b28-a2db-432b-aa5738820ac3}.Debug|Any CPU.Build.0 = Debug|Any CPU
		{44490c19-7a80-4bdf-b1ef-4981e419776a}.Debug|Any CPU.ActiveCfg = Debug|Any CPU
		{44490c19-7a80-4bdf-b1ef-4981e419776a}.Debug|Any CPU.Build.0 = Debug|Any CPU
	EndGlobalSection
	GlobalSection(SolutionProperties) = preSolution
		HideSolutionNode = FALSE
	EndGlobalSection
EndGlobal
